
Microsoft Visual Studio Solution File, Format Version 12.00
# Visual Studio 15
VisualStudioVersion = 15.0.27130.2036
MinimumVisualStudioVersion = 10.0.40219.1
Project("{8BC9CEB8-8B4A-11D0-8D11-00A0C91BC942}") = "lab3", "lab3.vcxproj", "{9ACC562F-919E-4E1C-A51F-52BB807710DD}"
EndProject
Global
	GlobalSection(SolutionConfigurationPlatforms) = preSolution
		Debug|x64 = Debug|x64
		Debug|x86 = Debug|x86
		Release|x64 = Release|x64
		Release|x86 = Release|x86
	EndGlobalSection
	GlobalSection(ProjectConfigurationPlatforms) = postSolution
		{9ACC562F-919E-4E1C-A51F-52BB807710DD}.Debug|x64.ActiveCfg = Debug|x64
		{9ACC562F-919E-4E1C-A51F-52BB807710DD}.Debug|x64.Build.0 = Debug|x64
		{9ACC562F-919E-4E1C-A51F-52BB807710DD}.Debug|x86.ActiveCfg = Debug|Win32
		{9ACC562F-919E-4E1C-A51F-52BB807710DD}.Debug|x86.Build.0 = Debug|Win32
		{9ACC562F-919E-4E1C-A51F-52BB807710DD}.Release|x64.ActiveCfg = Release|x64
		{9ACC562F-919E-4E1C-A51F-52BB807710DD}.Release|x64.Build.0 = Release|x64
		{9ACC562F-919E-4E1C-A51F-52BB807710DD}.Release|x86.ActiveCfg = Release|Win32
		{9ACC562F-919E-4E1C-A51F-52BB807710DD}.Release|x86.Build.0 = Release|Win32
	EndGlobalSection
	GlobalSection(SolutionProperties) = preSolution
		HideSolutionNode = FALSE
	EndGlobalSection
	GlobalSection(ExtensibilityGlobals) = postSolution
		SolutionGuid = {994630EE-322F-49B9-A226-B4EB14D41CEE}
	EndGlobalSection
EndGlobal
